{
  "name": "job-bot",
  "version": "1.0.0",
  "lockfileVersion": 3,
  "requires": true,
  "packages": {
    "": {
      "name": "job-bot",
      "version": "1.0.0",
      "dependencies": {
        "playwright-chromium": "^1.43.0",
        "playwright-core": "^1.43.0"
      },
      "engines": {
        "node": "22.x"
      }
    },
    "node_modules/playwright-chromium": {
      "version": "1.58.1",
      "resolved": "https://registry.npmjs.org/playwright-chromium/-/playwright-chromium-1.58.1.tgz",
      "integrity": "sha512-IZEji6VuJWIW+oCLp+sUSH7FCDNVGQxJSBMgHXKA/S0S5Ykdek9TO//mVsiWx9GwiOrApOb1WSxUJgK6zo/cUw==",
      "hasInstallScript": true,
      "license": "Apache-2.0",
      "dependencies": {
        "playwright-core": "1.58.1"
      },
      "bin": {
        "playwright": "cli.js"
      },
      "engines": {
        "node": ">=18"
      }
    },
    "node_modules/playwright-core": {
      "version": "1.58.1",
      "resolved": "https://registry.npmjs.org/playwright-core/-/playwright-core-1.58.1.tgz",
      "integrity": "sha512-bcWzOaTxcW+VOOGBCQgnaKToLJ65d6AqfLVKEWvexyS3AS6rbXl+xdpYRMGSRBClPvyj44njOWoxjNdL/H9UNg==",
      "license": "Apache-2.0",
      "bin": {
        "playwright-core": "cli.js"
      },
      "engines": {
        "node": ">=18"
      }
    }
  }
}
